{
  "nodes": {
    "nixpkgs": {
      "locked": {
        "lastModified": 1744309437,
        "narHash": "sha256-QZnNHM823am8apCqKSPdtnzPGTy2ZB4zIXOVoBp5+W0=",
        "owner": "NixOS",
        "repo": "nixpkgs",
        "rev": "f9ebe33a928b5d529c895202263a5ce46bdf12f7",
        "type": "github"
      },
      "original": {
        "owner": "NixOS",
        "ref": "nixos-24.11",
        "repo": "nixpkgs",
        "type": "github"
      }
    },
    "root": {
      "inputs": {
        "nixpkgs": "nixpkgs",
        "unstable": "unstable"
      }
    },
    "unstable": {
      "locked": {
        "lastModified": 1744316434,
        "narHash": "sha256-lzFCg/1C39pyY2hMB2gcuHV79ozpOz/Vu15hdjiFOfI=",
        "owner": "NixOS",
        "repo": "nixpkgs",
        "rev": "d19cf9dfc633816a437204555afeb9e722386b76",
        "type": "github"
      },
      "original": {
        "owner": "NixOS",
        "ref": "nixpkgs-unstable",
        "repo": "nixpkgs",
        "type": "github"
      }
    }
  },
  "root": "root",
  "version": 7
}
